
Microsoft Visual Studio Solution File, Format Version 12.00
# Visual Studio 15
VisualStudioVersion = 15.0.28010.2036
MinimumVisualStudioVersion = 10.0.40219.1
Project("{FAE04EC0-301F-11D3-BF4B-00C04F79EFBC}") = "EstonianWeather.Host", "EstonianWeather.Host\EstonianWeather.Host.csproj", "{0472D47D-94AD-4E59-A35D-27960A288747}"
EndProject
Project("{FAE04EC0-301F-11D3-BF4B-00C04F79EFBC}") = "EstonianWeather.Provider.Estonia", "EstonianWeather.Provider.Estonia\EstonianWeather.Provider.Estonia.csproj", "{7B067D83-8FDE-4994-AA31-80AD094B9A23}"
EndProject
Project("{FAE04EC0-301F-11D3-BF4B-00C04F79EFBC}") = "EstonianWeather.Provider.Finland", "EstonianWeather.Provider.Finland\EstonianWeather.Provider.Finland.csproj", "{C58863CA-3244-4B7B-AE4E-3C27EB544FAE}"
EndProject
Global
	GlobalSection(SolutionConfigurationPlatforms) = preSolution
		Debug|Any CPU = Debug|Any CPU
		Release|Any CPU = Release|Any CPU
	EndGlobalSection
	GlobalSection(ProjectConfigurationPlatforms) = postSolution
		{0472D47D-94AD-4E59-A35D-27960A288747}.Debug|Any CPU.ActiveCfg = Debug|Any CPU
		{0472D47D-94AD-4E59-A35D-27960A288747}.Debug|Any CPU.Build.0 = Debug|Any CPU
		{0472D47D-94AD-4E59-A35D-27960A288747}.Release|Any CPU.ActiveCfg = Release|Any CPU
		{0472D47D-94AD-4E59-A35D-27960A288747}.Release|Any CPU.Build.0 = Release|Any CPU
		{7B067D83-8FDE-4994-AA31-80AD094B9A23}.Debug|Any CPU.ActiveCfg = Debug|Any CPU
		{7B067D83-8FDE-4994-AA31-80AD094B9A23}.Debug|Any CPU.Build.0 = Debug|Any CPU
		{7B067D83-8FDE-4994-AA31-80AD094B9A23}.Release|Any CPU.ActiveCfg = Release|Any CPU
		{7B067D83-8FDE-4994-AA31-80AD094B9A23}.Release|Any CPU.Build.0 = Release|Any CPU
		{C58863CA-3244-4B7B-AE4E-3C27EB544FAE}.Debug|Any CPU.ActiveCfg = Debug|Any CPU
		{C58863CA-3244-4B7B-AE4E-3C27EB544FAE}.Debug|Any CPU.Build.0 = Debug|Any CPU
		{C58863CA-3244-4B7B-AE4E-3C27EB544FAE}.Release|Any CPU.ActiveCfg = Release|Any CPU
		{C58863CA-3244-4B7B-AE4E-3C27EB544FAE}.Release|Any CPU.Build.0 = Release|Any CPU
	EndGlobalSection
	GlobalSection(SolutionProperties) = preSolution
		HideSolutionNode = FALSE
	EndGlobalSection
	GlobalSection(ExtensibilityGlobals) = postSolution
		SolutionGuid = {F548F197-611D-46BD-8BB9-5ADA26F9E6E7}
	EndGlobalSection
EndGlobal
