
Microsoft Visual Studio Solution File, Format Version 12.00
# Visual Studio 15
VisualStudioVersion = 15.0.28307.102
MinimumVisualStudioVersion = 10.0.40219.1
Project("{9A19103F-16F7-4668-BE54-9A1E7A4F7556}") = "EstonianWeather.Host", "EstonianWeather.Host\EstonianWeather.Host.csproj", "{EAB371DD-2924-4D74-9978-EAE71359B793}"
EndProject
Project("{2150E333-8FDC-42A3-9474-1A3956D46DE8}") = "Providers", "Providers", "{701966EC-C90B-4998-A306-DF5790FB16AF}"
EndProject
Project("{9A19103F-16F7-4668-BE54-9A1E7A4F7556}") = "EstonianWeather.Provider.Estonia", "EstonianWeather.Provider.Estonia\EstonianWeather.Provider.Estonia.csproj", "{F838B287-DB94-4D29-8DE3-ED8EAE31D472}"
EndProject
Project("{9A19103F-16F7-4668-BE54-9A1E7A4F7556}") = "EstonianWeather.Provider.Finland", "EstonianWeather.Provider.Finland\EstonianWeather.Provider.Finland.csproj", "{B9DA6530-708A-4016-BD90-7649037DAC1A}"
EndProject
Project("{9A19103F-16F7-4668-BE54-9A1E7A4F7556}") = "EstonianWeather.Data", "EstonianWeather.Data\EstonianWeather.Data.csproj", "{7E25863B-DAAB-4F1E-9891-39E94E93BC27}"
EndProject
Project("{FAE04EC0-301F-11D3-BF4B-00C04F79EFBC}") = "EstonianWeather.Domain", "EstonianWeather.Domain\EstonianWeather.Domain.csproj", "{FA28D154-AAFF-410C-8228-DC07127470B4}"
EndProject
Global
	GlobalSection(SolutionConfigurationPlatforms) = preSolution
		Debug|Any CPU = Debug|Any CPU
		Release|Any CPU = Release|Any CPU
	EndGlobalSection
	GlobalSection(ProjectConfigurationPlatforms) = postSolution
		{EAB371DD-2924-4D74-9978-EAE71359B793}.Debug|Any CPU.ActiveCfg = Debug|Any CPU
		{EAB371DD-2924-4D74-9978-EAE71359B793}.Debug|Any CPU.Build.0 = Debug|Any CPU
		{EAB371DD-2924-4D74-9978-EAE71359B793}.Release|Any CPU.ActiveCfg = Release|Any CPU
		{EAB371DD-2924-4D74-9978-EAE71359B793}.Release|Any CPU.Build.0 = Release|Any CPU
		{F838B287-DB94-4D29-8DE3-ED8EAE31D472}.Debug|Any CPU.ActiveCfg = Debug|Any CPU
		{F838B287-DB94-4D29-8DE3-ED8EAE31D472}.Debug|Any CPU.Build.0 = Debug|Any CPU
		{F838B287-DB94-4D29-8DE3-ED8EAE31D472}.Release|Any CPU.ActiveCfg = Release|Any CPU
		{F838B287-DB94-4D29-8DE3-ED8EAE31D472}.Release|Any CPU.Build.0 = Release|Any CPU
		{B9DA6530-708A-4016-BD90-7649037DAC1A}.Debug|Any CPU.ActiveCfg = Debug|Any CPU
		{B9DA6530-708A-4016-BD90-7649037DAC1A}.Debug|Any CPU.Build.0 = Debug|Any CPU
		{B9DA6530-708A-4016-BD90-7649037DAC1A}.Release|Any CPU.ActiveCfg = Release|Any CPU
		{B9DA6530-708A-4016-BD90-7649037DAC1A}.Release|Any CPU.Build.0 = Release|Any CPU
		{7E25863B-DAAB-4F1E-9891-39E94E93BC27}.Debug|Any CPU.ActiveCfg = Debug|Any CPU
		{7E25863B-DAAB-4F1E-9891-39E94E93BC27}.Debug|Any CPU.Build.0 = Debug|Any CPU
		{7E25863B-DAAB-4F1E-9891-39E94E93BC27}.Release|Any CPU.ActiveCfg = Release|Any CPU
		{7E25863B-DAAB-4F1E-9891-39E94E93BC27}.Release|Any CPU.Build.0 = Release|Any CPU
		{FA28D154-AAFF-410C-8228-DC07127470B4}.Debug|Any CPU.ActiveCfg = Debug|Any CPU
		{FA28D154-AAFF-410C-8228-DC07127470B4}.Debug|Any CPU.Build.0 = Debug|Any CPU
		{FA28D154-AAFF-410C-8228-DC07127470B4}.Release|Any CPU.ActiveCfg = Release|Any CPU
		{FA28D154-AAFF-410C-8228-DC07127470B4}.Release|Any CPU.Build.0 = Release|Any CPU
	EndGlobalSection
	GlobalSection(SolutionProperties) = preSolution
		HideSolutionNode = FALSE
	EndGlobalSection
	GlobalSection(NestedProjects) = preSolution
		{F838B287-DB94-4D29-8DE3-ED8EAE31D472} = {701966EC-C90B-4998-A306-DF5790FB16AF}
		{B9DA6530-708A-4016-BD90-7649037DAC1A} = {701966EC-C90B-4998-A306-DF5790FB16AF}
	EndGlobalSection
	GlobalSection(ExtensibilityGlobals) = postSolution
		SolutionGuid = {E4A502E2-A5E5-4487-A661-EE8504EEE5F6}
	EndGlobalSection
EndGlobal
